
Microsoft Visual Studio Solution File, Format Version 12.00
# Visual Studio Version 17
VisualStudioVersion = 17.14.36408.4 d17.14
MinimumVisualStudioVersion = 10.0.40219.1
Project("{FAE04EC0-301F-11D3-BF4B-00C04F79EFBC}") = "InventoryRecordSystem", "InventoryRecordSystem.csproj", "{5B6D62FE-52AE-4DAA-885A-EA24AA2CFFCA}"
EndProject
Global
	GlobalSection(SolutionConfigurationPlatforms) = preSolution
		Debug|Any CPU = Debug|Any CPU
		Release|Any CPU = Release|Any CPU
	EndGlobalSection
	GlobalSection(ProjectConfigurationPlatforms) = postSolution
		{5B6D62FE-52AE-4DAA-885A-EA24AA2CFFCA}.Debug|Any CPU.ActiveCfg = Debug|Any CPU
		{5B6D62FE-52AE-4DAA-885A-EA24AA2CFFCA}.Debug|Any CPU.Build.0 = Debug|Any CPU
		{5B6D62FE-52AE-4DAA-885A-EA24AA2CFFCA}.Release|Any CPU.ActiveCfg = Release|Any CPU
		{5B6D62FE-52AE-4DAA-885A-EA24AA2CFFCA}.Release|Any CPU.Build.0 = Release|Any CPU
	EndGlobalSection
	GlobalSection(SolutionProperties) = preSolution
		HideSolutionNode = FALSE
	EndGlobalSection
	GlobalSection(ExtensibilityGlobals) = postSolution
		SolutionGuid = {2B2FBE6C-77DC-49BF-BF4C-FEC592A87AA0}
	EndGlobalSection
EndGlobal
